
Microsoft Visual Studio Solution File, Format Version 12.00
# Visual Studio Version 16
VisualStudioVersion = 16.0.30717.126
MinimumVisualStudioVersion = 10.0.40219.1
Project("{FAE04EC0-301F-11D3-BF4B-00C04F79EFBC}") = "KarlsonRPCNOMod", "KarlsonRPCNOMod\KarlsonRPCNOMod.csproj", "{9C3545C9-A9B4-4949-91E7-A35123A91918}"
EndProject
Global
	GlobalSection(SolutionConfigurationPlatforms) = preSolution
		Debug|Any CPU = Debug|Any CPU
		Release|Any CPU = Release|Any CPU
	EndGlobalSection
	GlobalSection(ProjectConfigurationPlatforms) = postSolution
		{9C3545C9-A9B4-4949-91E7-A35123A91918}.Debug|Any CPU.ActiveCfg = Debug|Any CPU
		{9C3545C9-A9B4-4949-91E7-A35123A91918}.Debug|Any CPU.Build.0 = Debug|Any CPU
		{9C3545C9-A9B4-4949-91E7-A35123A91918}.Release|Any CPU.ActiveCfg = Release|Any CPU
		{9C3545C9-A9B4-4949-91E7-A35123A91918}.Release|Any CPU.Build.0 = Release|Any CPU
	EndGlobalSection
	GlobalSection(SolutionProperties) = preSolution
		HideSolutionNode = FALSE
	EndGlobalSection
	GlobalSection(ExtensibilityGlobals) = postSolution
		SolutionGuid = {125BC168-6A49-4261-BE5F-0CBE43099D5A}
	EndGlobalSection
EndGlobal
